# This file is generated by running "yarn install" inside your project.
# Manual changes might be lost - proceed with caution!

__metadata:
  version: 6
  cacheKey: 8

"@types/d3-array@npm:*":
  version: 3.0.4
  resolution: "@types/d3-array@npm:3.0.4"
  checksum: b0e398365fc1f638d48442e865e036d671c731b2b18f7a92e5172db1f60f5a38d4cd992693a29ad64b38e7ba981eb8c63a2aef95fbdcfbc4bf8926a9cb9ca978
  languageName: node
  linkType: hard

"@types/d3-axis@npm:*":
  version: 3.0.2
  resolution: "@types/d3-axis@npm:3.0.2"
  dependencies:
    "@types/d3-selection": "*"
  checksum: 3067a949572da14050c1ee1dc6a4e9ceb32e9a1bdd99e4029cdf1f541b86a843294d12f911fb9faa32a75107d36d925efcc66116f8341573cba4bb780f42ca00
  languageName: node
  linkType: hard

"@types/d3-brush@npm:*":
  version: 3.0.2
  resolution: "@types/d3-brush@npm:3.0.2"
  dependencies:
    "@types/d3-selection": "*"
  checksum: 5a539f94ff8f397a1ca874b1cf4e641a9b26cb965904f13b1b566a6505685124c37fecf45bd88b0527727b3ffcfadf53613e90aceb5cd774fa3b62f5960db019
  languageName: node
  linkType: hard

"@types/d3-chord@npm:*":
  version: 3.0.2
  resolution: "@types/d3-chord@npm:3.0.2"
  checksum: 7ea3398d826a0a6affe4bafb96340f74baf6126c11547af37962f486e31d4dd48d85ade8a357585bbc7616e46e43f82d2d2435e8bfe4c2d57977fd75dd53d1e5
  languageName: node
  linkType: hard

"@types/d3-color@npm:*":
  version: 3.1.0
  resolution: "@types/d3-color@npm:3.1.0"
  checksum: b1856f17d6366559a68eaba0164f30727e9dc5eaf1b3a6c8844354da228860240423d19fa4de65bff9da26b4ead8843eab14b1566962665412e8fd82c3810554
  languageName: node
  linkType: hard

"@types/d3-contour@npm:*":
  version: 3.0.2
  resolution: "@types/d3-contour@npm:3.0.2"
  dependencies:
    "@types/d3-array": "*"
    "@types/geojson": "*"
  checksum: 7b0f7ccf33dbad8124bd96736adf64b3630087fa0bda355685bcde43e13d51109a30de738785dd33d627bd2672d78d0210b7997403358974ac87b57fcf5e2752
  languageName: node
  linkType: hard

"@types/d3-delaunay@npm:*":
  version: 6.0.1
  resolution: "@types/d3-delaunay@npm:6.0.1"
  checksum: c46fd6f399ed604e9f40841851c432c936c4408af9e61b235a7f6030e93faa9b5c4f6c33a62be221e1d33f48a9162e9c4bbfa173746c0e4787483310da9a03b2
  languageName: node
  linkType: hard

"@types/d3-dispatch@npm:*":
  version: 3.0.2
  resolution: "@types/d3-dispatch@npm:3.0.2"
  checksum: 716f21bdc4e0057ecc2989f8c3b69ba18244b40ba42e6029aad30cbd254a42ce113ec775f40ca300e02fb23823a5ebf378dae3008614d7e591b7759607fde68a
  languageName: node
  linkType: hard

"@types/d3-drag@npm:*":
  version: 3.0.2
  resolution: "@types/d3-drag@npm:3.0.2"
  dependencies:
    "@types/d3-selection": "*"
  checksum: cd2fd6a628c097c0c4fbd1ebe647f846d7bcc7819879882e48fd64fd743b5328efe715d002e9cbf47faa2ce3fabaec9795659cb0849c326576e98cd2bf95cbf1
  languageName: node
  linkType: hard

"@types/d3-dsv@npm:*":
  version: 3.0.1
  resolution: "@types/d3-dsv@npm:3.0.1"
  checksum: f3dbb3c994b1564b5cbeb2991fa9a0e0cee82e93e2d304f2e643b1808818493c6bb11da5503562e21ba6f6cced0faccc8d9cd5005e9065af8e4b6b4477cc8982
  languageName: node
  linkType: hard

"@types/d3-ease@npm:*":
  version: 3.0.0
  resolution: "@types/d3-ease@npm:3.0.0"
  checksum: 1be7c993643b5a08332e0ee146375a3845545d8deb423db5d152e0b061524385d2345ceccf968f75f605247b940dd3f9a144335fee2e7d935cddaf187afb7095
  languageName: node
  linkType: hard

"@types/d3-fetch@npm:*":
  version: 3.0.2
  resolution: "@types/d3-fetch@npm:3.0.2"
  dependencies:
    "@types/d3-dsv": "*"
  checksum: 10fad5c1d4d8c225f2381772fe85e92cfab6575d85069e7a6361eb4d8c0030e1cde7e9db484be7db2b2f075e8e0043dae827b72396a20b94b97e58cedc50f7a5
  languageName: node
  linkType: hard

"@types/d3-force@npm:*":
  version: 3.0.4
  resolution: "@types/d3-force@npm:3.0.4"
  checksum: 779fb597fb41e7bc6a5e1b8969d500deb95c4a73428c7c268bf0ca6f3ed668dd2ed6aa652de7af14d2f9c192dad4f6e7badf2c5bc330624bd8405ac88440b278
  languageName: node
  linkType: hard

"@types/d3-format@npm:*":
  version: 3.0.1
  resolution: "@types/d3-format@npm:3.0.1"
  checksum: 6819fae7e7c3fce1e44cd56e9b6d8ea5508f708cb7a42793edf82ff914b120bf6cddc35208b1b33ec82615ab82b843c284709f9cea5c3fe1ea5f012106b3d32c
  languageName: node
  linkType: hard

"@types/d3-geo@npm:*":
  version: 3.0.3
  resolution: "@types/d3-geo@npm:3.0.3"
  dependencies:
    "@types/geojson": "*"
  checksum: d2f0d386024efb97a0829488cf31d574669ff37f452bb4bb58ba62b03e705e583e166ba30844beffb51119909bf1a168a1efc91885c55ab72da9a52a46c114e2
  languageName: node
  linkType: hard

"@types/d3-hierarchy@npm:*":
  version: 3.1.2
  resolution: "@types/d3-hierarchy@npm:3.1.2"
  checksum: fc423b25843fb54a411e4e119eaa5a092c6da65cf17855c56fcd4807dcc897145aed78578d9af7dd9b924204c34588b1d8c9b973c27474512048e9486439b2d4
  languageName: node
  linkType: hard

"@types/d3-interpolate@npm:*, @types/d3-interpolate@npm:^3.0.1":
  version: 3.0.1
  resolution: "@types/d3-interpolate@npm:3.0.1"
  dependencies:
    "@types/d3-color": "*"
  checksum: 29ce472968b9e6611bdf0eeedaf89e8d6066190b52ced011d16d8183b8b9f8e6dd6516ca2b85242594942896299b42f37504d44e635f8fba3090c2c58594e21b
  languageName: node
  linkType: hard

"@types/d3-path@npm:*":
  version: 3.0.0
  resolution: "@types/d3-path@npm:3.0.0"
  checksum: af7f45ea912cddd794c03384baba856f11e1f9b57a49d05a66a61968dafaeb86e0e42394883118b9b8ccadce21a5f25b1f9a88ad05235e1dc6d24c3e34a379ff
  languageName: node
  linkType: hard

"@types/d3-path@npm:^1, @types/d3-path@npm:^1.0.8":
  version: 1.0.9
  resolution: "@types/d3-path@npm:1.0.9"
  checksum: acbf7376fd7bef61701bce915bf5a9cb5eaa9741b7919d3e644f841a65faf1aea3cf63ba949c21ddda8c9849221394856a2054805aa698d3bb5ac3fe7d029817
  languageName: node
  linkType: hard

"@types/d3-polygon@npm:*":
  version: 3.0.0
  resolution: "@types/d3-polygon@npm:3.0.0"
  checksum: 2b4fbd864e6e40c8f63c56c46ed27f63c18d4b9b8c6f03c48bda048bc29e0d77c01763122a3cf85cce89acb12c4a65f3cd7b1d87b53ced8bf6ce341831b30190
  languageName: node
  linkType: hard

"@types/d3-quadtree@npm:*":
  version: 3.0.2
  resolution: "@types/d3-quadtree@npm:3.0.2"
  checksum: 2a831a80590df125b07bc573c081449823e85159bb8fafbfee9f211dbe402840aeb01f4b04b4b47b0f28394daee29c8a10185f9acf17b6a8be649a377aff006b
  languageName: node
  linkType: hard

"@types/d3-random@npm:*":
  version: 3.0.1
  resolution: "@types/d3-random@npm:3.0.1"
  checksum: 7ed9f83ee3c0b02510767bf15551984c229491d694c3c9a45a8eb80b27f7eb5f9096a48011c8cae6787b3e36321a6aaf2fe0efed8685a669481927a3d08e6b8a
  languageName: node
  linkType: hard

"@types/d3-scale-chromatic@npm:*":
  version: 3.0.0
  resolution: "@types/d3-scale-chromatic@npm:3.0.0"
  checksum: e06afffd2725570aa90cb3050eb96a94727264948d9256e56807ab582aba379168d84d1d98bcaa275bf38375148b35dfe13697e06fc7565dd17ac7e2acb11980
  languageName: node
  linkType: hard

"@types/d3-scale@npm:*, @types/d3-scale@npm:^4.0.2":
  version: 4.0.3
  resolution: "@types/d3-scale@npm:4.0.3"
  dependencies:
    "@types/d3-time": "*"
  checksum: 76684da8519ab5f2210e647f74f96ece9c6816dea4ad5d76131121703a5268cc65687a8bc9ebbf4a44039482247336d98811ecc3fbfeb7f0122fdce4bb295547
  languageName: node
  linkType: hard

"@types/d3-selection@npm:*":
  version: 3.0.4
  resolution: "@types/d3-selection@npm:3.0.4"
  checksum: b1e486db7f020610c854996a96b2f59a43b89d48bc7ac2ef9479f6f6e6324d3b21d7dfc8031a0b6d049a84b769b14eca65d73fc42613ab0044ef67973a9fe6ca
  languageName: node
  linkType: hard

"@types/d3-shape@npm:*":
  version: 3.1.1
  resolution: "@types/d3-shape@npm:3.1.1"
  dependencies:
    "@types/d3-path": "*"
  checksum: 8f1762ecdeb4833a3802be1c65363cbc7cca753d0b836a3855fde4ba12f8e6fc142dba3c5f6d669a9e89374cc6dc414464e4f2d04e72fafd4bc64819ce30bb63
  languageName: node
  linkType: hard

"@types/d3-shape@npm:^1.3.1":
  version: 1.3.8
  resolution: "@types/d3-shape@npm:1.3.8"
  dependencies:
    "@types/d3-path": ^1
  checksum: a7f78a3f0be1215b512efb636ba381768ab4104ef9b72b7fcc2ab9810e7d6fc2ee062f3103ef99236f4462deabac60d2fd96375315ec7ad33278757918c94592
  languageName: node
  linkType: hard

"@types/d3-time-format@npm:*":
  version: 4.0.0
  resolution: "@types/d3-time-format@npm:4.0.0"
  checksum: ac3a841b0cd6e7f4d4c6c2cd09a2662facea6993c16b10f40fdf84f55adf7be59a6d08fd6ac1c42c27c7340f3b5eeafef968b45b052a5476a580c78a991668db
  languageName: node
  linkType: hard

"@types/d3-time@npm:*":
  version: 3.0.0
  resolution: "@types/d3-time@npm:3.0.0"
  checksum: e76adb056daccf80107f4db190ac6deb77e8774f00362bb6c76f178e67f2f217422fe502b654edbc9ac6451f6619045b9f6f5fe0db1ec5520e2ada377af7c72e
  languageName: node
  linkType: hard

"@types/d3-time@npm:^2.0.0":
  version: 2.1.1
  resolution: "@types/d3-time@npm:2.1.1"
  checksum: 115048d0cd312a3172ef7c03615dfbdbd8b92a93fd7b6d9ca93c49c704fcdb9575f4c57955eb54eb757b9834acaaf47fc52eae103d06246c59ae120de4559cbc
  languageName: node
  linkType: hard

"@types/d3-timer@npm:*":
  version: 3.0.0
  resolution: "@types/d3-timer@npm:3.0.0"
  checksum: 1ec86b3808de6ecfa93cfdf34254761069658af0cc1d9540e8353dbcba161cdf1296a0724187bd17433b2ff16563115fd20b85fc89d5e809ff28f9b1ab134b42
  languageName: node
  linkType: hard

"@types/d3-transition@npm:*":
  version: 3.0.3
  resolution: "@types/d3-transition@npm:3.0.3"
  dependencies:
    "@types/d3-selection": "*"
  checksum: ab9ce125108a5a5b67b972cfe23a73a0efbe958a38f51e7a2ef1003759d79f72e4563baac12400a6d6663885372bef25a50ea4433243f1a040e7fc9096b44d9d
  languageName: node
  linkType: hard

"@types/d3-zoom@npm:*":
  version: 3.0.2
  resolution: "@types/d3-zoom@npm:3.0.2"
  dependencies:
    "@types/d3-interpolate": "*"
    "@types/d3-selection": "*"
  checksum: c55b18ec5d5108c265d3e19299f51469e48d215f179a665f5797ac18bf8458dcbefd0c682154f8d8eb9d297a7486a5853115f72444af9cd02b3b4b5d1e4f9b22
  languageName: node
  linkType: hard

"@types/d3@npm:^7.4.0":
  version: 7.4.0
  resolution: "@types/d3@npm:7.4.0"
  dependencies:
    "@types/d3-array": "*"
    "@types/d3-axis": "*"
    "@types/d3-brush": "*"
    "@types/d3-chord": "*"
    "@types/d3-color": "*"
    "@types/d3-contour": "*"
    "@types/d3-delaunay": "*"
    "@types/d3-dispatch": "*"
    "@types/d3-drag": "*"
    "@types/d3-dsv": "*"
    "@types/d3-ease": "*"
    "@types/d3-fetch": "*"
    "@types/d3-force": "*"
    "@types/d3-format": "*"
    "@types/d3-geo": "*"
    "@types/d3-hierarchy": "*"
    "@types/d3-interpolate": "*"
    "@types/d3-path": "*"
    "@types/d3-polygon": "*"
    "@types/d3-quadtree": "*"
    "@types/d3-random": "*"
    "@types/d3-scale": "*"
    "@types/d3-scale-chromatic": "*"
    "@types/d3-selection": "*"
    "@types/d3-shape": "*"
    "@types/d3-time": "*"
    "@types/d3-time-format": "*"
    "@types/d3-timer": "*"
    "@types/d3-transition": "*"
    "@types/d3-zoom": "*"
  checksum: d1383f5fca7c4a819d57eb4bccc387dccaa7cb4c24d56388e5247954db6c88f5fb7c74d156165dfe044f1da8d4d510796c8d8487b5956d8270a94a1182a6e00f
  languageName: node
  linkType: hard

"@types/geojson@npm:*":
  version: 7946.0.10
  resolution: "@types/geojson@npm:7946.0.10"
  checksum: 12c407c2dc93ecb26c08af533ee732f1506a9b29456616ba7ba1d525df96206c28ddf44a528f6a5415d7d22893e9d967420940a9c095ee5e539c1eba5fefc1f4
  languageName: node
  linkType: hard

"@types/lodash@npm:^4.14.172":
  version: 4.14.191
  resolution: "@types/lodash@npm:4.14.191"
  checksum: ba0d5434e10690869f32d5ea49095250157cae502f10d57de0a723fd72229ce6c6a4979576f0f13e0aa9fbe3ce2457bfb9fa7d4ec3d6daba56730a51906d1491
  languageName: node
  linkType: hard

"@types/prop-types@npm:*":
  version: 15.7.5
  resolution: "@types/prop-types@npm:15.7.5"
  checksum: 5b43b8b15415e1f298243165f1d44390403bb2bd42e662bca3b5b5633fdd39c938e91b7fce3a9483699db0f7a715d08cef220c121f723a634972fdf596aec980
  languageName: node
  linkType: hard

"@types/react-dom@npm:*, @types/react-dom@npm:^18":
  version: 18.0.11
  resolution: "@types/react-dom@npm:18.0.11"
  dependencies:
    "@types/react": "*"
  checksum: 579691e4d5ec09688087568037c35edf8cfb1ab3e07f6c60029280733ee7b5c06d66df6fcc90786702c93ac8cb13bc7ff16c79ddfc75d082938fbaa36e1cdbf4
  languageName: node
  linkType: hard

"@types/react@npm:*, @types/react@npm:^18":
  version: 18.0.28
  resolution: "@types/react@npm:18.0.28"
  dependencies:
    "@types/prop-types": "*"
    "@types/scheduler": "*"
    csstype: ^3.0.2
  checksum: e752df961105e5127652460504785897ca6e77259e0da8f233f694f9e8f451cde7fa0709d4456ade0ff600c8ce909cfe29f9b08b9c247fa9b734e126ec53edd7
  languageName: node
  linkType: hard

"@types/scheduler@npm:*":
  version: 0.16.2
  resolution: "@types/scheduler@npm:0.16.2"
  checksum: b6b4dcfeae6deba2e06a70941860fb1435730576d3689225a421280b7742318d1548b3d22c1f66ab68e414f346a9542f29240bc955b6332c5b11e561077583bc
  languageName: node
  linkType: hard

"@visx/axis@npm:^3.0.1":
  version: 3.0.1
  resolution: "@visx/axis@npm:3.0.1"
  dependencies:
    "@types/react": "*"
    "@visx/group": 3.0.0
    "@visx/point": 3.0.1
    "@visx/scale": 3.0.0
    "@visx/shape": 3.0.0
    "@visx/text": 3.0.0
    classnames: ^2.3.1
    prop-types: ^15.6.0
  peerDependencies:
    react: ^16.3.0-0 || ^17.0.0-0 || ^18.0.0-0
  checksum: b7d9ec66bb3d693414b2db35ce9a6936abdbd8bd120ee7f6e4b8009315e08310587167525a1c5427fc51f6982605e9d02eab81c0c36ef7b1f54d6d2aacc8bb32
  languageName: node
  linkType: hard

"@visx/bounds@npm:3.0.0":
  version: 3.0.0
  resolution: "@visx/bounds@npm:3.0.0"
  dependencies:
    "@types/react": "*"
    "@types/react-dom": "*"
    prop-types: ^15.5.10
  peerDependencies:
    react: ^16.0.0-0 || ^17.0.0-0 || ^18.0.0-0
    react-dom: ^16.0.0-0 || ^17.0.0-0 || ^18.0.0-0
  checksum: 3c50dad1c78b526bebe20a690360ae5ad3dd2a31c86150553071671e49309a9fcf3bca3303eab7f7ac2e28be8d7987ac9ce5daa28b8df32c647b0aa97f118fa9
  languageName: node
  linkType: hard

"@visx/curve@npm:3.0.0":
  version: 3.0.0
  resolution: "@visx/curve@npm:3.0.0"
  dependencies:
    "@types/d3-shape": ^1.3.1
    d3-shape: ^1.0.6
  checksum: 1707b2b0e002d35e77cec3c5fbf8a05e70f10881ffb123edf7e04e9ccfb05262e1cbbc0dfd45067e1c3ae5bc653325ef728fe880fecc7be9620ae267631f4149
  languageName: node
  linkType: hard

"@visx/event@npm:^3.0.1":
  version: 3.0.1
  resolution: "@visx/event@npm:3.0.1"
  dependencies:
    "@types/react": "*"
    "@visx/point": 3.0.1
  checksum: 0cb4dd578bbe54bd428a0cfae9e64db141b039c2c6c1412d1cd1d04e1613d193212b031124948ca3b7eed877cdea87d161cc3a008b973c6f217e21a8a2dd27b0
  languageName: node
  linkType: hard

"@visx/gradient@npm:^3.0.0":
  version: 3.0.0
  resolution: "@visx/gradient@npm:3.0.0"
  dependencies:
    "@types/react": "*"
    prop-types: ^15.5.7
  peerDependencies:
    react: ^16.0.0-0 || ^17.0.0-0 || ^18.0.0-0
  checksum: 471b4a4e1ec329e26cedb5aeef627b7c6393b54d85f76fa2707ec4f2b75a67007c5d9e4c9ffbdf58d37853228c21e285780466ab958b22dbba41f209c5212182
  languageName: node
  linkType: hard

"@visx/grid@npm:^3.0.1":
  version: 3.0.1
  resolution: "@visx/grid@npm:3.0.1"
  dependencies:
    "@types/react": "*"
    "@visx/curve": 3.0.0
    "@visx/group": 3.0.0
    "@visx/point": 3.0.1
    "@visx/scale": 3.0.0
    "@visx/shape": 3.0.0
    classnames: ^2.3.1
    prop-types: ^15.6.2
  peerDependencies:
    react: ^16.0.0-0 || ^17.0.0-0 || ^18.0.0-0
  checksum: 2ff960b180f0ac1960170f3628a49667f3da58751242638af7844eb49a30273e52bba380103c14bb5b4829ca4bef0c072a8a78696abf2b41d4a49fcdbc02a263
  languageName: node
  linkType: hard

"@visx/group@npm:3.0.0":
  version: 3.0.0
  resolution: "@visx/group@npm:3.0.0"
  dependencies:
    "@types/react": "*"
    classnames: ^2.3.1
    prop-types: ^15.6.2
  peerDependencies:
    react: ^16.0.0-0 || ^17.0.0-0 || ^18.0.0-0
  checksum: f52b946fb39cfcd4798bd5c77b729ceb41b2041e0464edeef2f15955c4022d51ed9f7626f2a7ac331f8430c84037254be5dd38f8282881a63d1680b27f41d04d
  languageName: node
  linkType: hard

"@visx/point@npm:3.0.1":
  version: 3.0.1
  resolution: "@visx/point@npm:3.0.1"
  checksum: 727f314826eb85a608b4088a9e2fedb7e6996a5f0fdddaeb40702a51aa04da07fdbc5fdcf2d595d914dfa083389c644f769fc69b3a247b4da274936dd58c7bb8
  languageName: node
  linkType: hard

"@visx/scale@npm:3.0.0, @visx/scale@npm:^3.0.0":
  version: 3.0.0
  resolution: "@visx/scale@npm:3.0.0"
  dependencies:
    "@types/d3-interpolate": ^3.0.1
    "@types/d3-scale": ^4.0.2
    "@types/d3-time": ^2.0.0
    d3-interpolate: ^3.0.1
    d3-scale: ^4.0.2
    d3-time: ^2.1.1
  checksum: 3740fd0f6844b2297847f48f34afa9772e35d8b6faf26fb7b18c78fcd83634de57a44cd4aa9263dfb3a62bec609cf24b36db26f6db8ba36908dbdb83f359d9ed
  languageName: node
  linkType: hard

"@visx/shape@npm:3.0.0":
  version: 3.0.0
  resolution: "@visx/shape@npm:3.0.0"
  dependencies:
    "@types/d3-path": ^1.0.8
    "@types/d3-shape": ^1.3.1
    "@types/lodash": ^4.14.172
    "@types/react": "*"
    "@visx/curve": 3.0.0
    "@visx/group": 3.0.0
    "@visx/scale": 3.0.0
    classnames: ^2.3.1
    d3-path: ^1.0.5
    d3-shape: ^1.2.0
    lodash: ^4.17.21
    prop-types: ^15.5.10
  peerDependencies:
    react: ^16.3.0-0 || ^17.0.0-0 || ^18.0.0-0
  checksum: d6e71e0c5dd90957a38b1404e8357cd2192f741f8c7b4f73fac3c007e4b0af398f5cf648f5f1ecc5ca72759e729cfa58fff4f8a409f95a344219309881e58b37
  languageName: node
  linkType: hard

"@visx/text@npm:3.0.0":
  version: 3.0.0
  resolution: "@visx/text@npm:3.0.0"
  dependencies:
    "@types/lodash": ^4.14.172
    "@types/react": "*"
    classnames: ^2.3.1
    lodash: ^4.17.21
    prop-types: ^15.7.2
    reduce-css-calc: ^1.3.0
  peerDependencies:
    react: ^16.3.0-0 || ^17.0.0-0 || ^18.0.0-0
  checksum: a8456fceb785db17487103ee3c2c5acb5988f0ec883735ecaf60fa734d8876c0d72eab6862dc8e272cf87644694bc21aff5c9cb9eccf4e948bd0899926513efd
  languageName: node
  linkType: hard

"@visx/tooltip@npm:^3.0.0":
  version: 3.0.0
  resolution: "@visx/tooltip@npm:3.0.0"
  dependencies:
    "@types/react": "*"
    "@visx/bounds": 3.0.0
    classnames: ^2.3.1
    prop-types: ^15.5.10
    react-use-measure: ^2.0.4
  peerDependencies:
    react: ^16.8.0-0 || ^17.0.0-0 || ^18.0.0-0
    react-dom: ^16.8.0-0 || ^17.0.0-0 || ^18.0.0-0
  checksum: f3d9b62905424c8c3bd10f2fcbf6947da9adc7fff9a22aa961ce1c4523db4f0297b066a2fe27eeae7f4e45f0a4f7049067b6da71c6566a3991cb6fc53f6f8eb4
  languageName: node
  linkType: hard

"balanced-match@npm:^0.4.2":
  version: 0.4.2
  resolution: "balanced-match@npm:0.4.2"
  checksum: 205ebb42ce8529fa8e043a808b41bfb9818d5f98a8eb76a1cd5483f8a98dd0baefc8a9d940f36b591b1316a04f56b35c32b60ac9b1f848e41e4698672cec6c1e
  languageName: node
  linkType: hard

"balanced-match@npm:^1.0.0":
  version: 1.0.2
  resolution: "balanced-match@npm:1.0.2"
  checksum: 9706c088a283058a8a99e0bf91b0a2f75497f185980d9ffa8b304de1d9e58ebda7c72c07ebf01dadedaac5b2907b2c6f566f660d62bd336c3468e960403b9d65
  languageName: node
  linkType: hard

"classnames@npm:^2.3.1":
  version: 2.3.2
  resolution: "classnames@npm:2.3.2"
  checksum: 2c62199789618d95545c872787137262e741f9db13328e216b093eea91c85ef2bfb152c1f9e63027204e2559a006a92eb74147d46c800a9f96297ae1d9f96f4e
  languageName: node
  linkType: hard

"commander@npm:7":
  version: 7.2.0
  resolution: "commander@npm:7.2.0"
  checksum: 53501cbeee61d5157546c0bef0fedb6cdfc763a882136284bed9a07225f09a14b82d2a84e7637edfd1a679fb35ed9502fd58ef1d091e6287f60d790147f68ddc
  languageName: node
  linkType: hard

"csstype@npm:^3.0.2":
  version: 3.1.1
  resolution: "csstype@npm:3.1.1"
  checksum: 1f7b4f5fdd955b7444b18ebdddf3f5c699159f13e9cf8ac9027ae4a60ae226aef9bbb14a6e12ca7dba3358b007cee6354b116e720262867c398de6c955ea451d
  languageName: node
  linkType: hard

"d3-array@npm:2":
  version: 2.12.1
  resolution: "d3-array@npm:2.12.1"
  dependencies:
    internmap: ^1.0.0
  checksum: 97853b7b523aded17078f37c67742f45d81e88dda2107ae9994c31b9e36c5fa5556c4c4cf39650436f247813602dfe31bf7ad067ff80f127a16903827f10c6eb
  languageName: node
  linkType: hard

"d3-array@npm:2 - 3, d3-array@npm:2.10.0 - 3, d3-array@npm:2.5.0 - 3, d3-array@npm:3, d3-array@npm:^3.2.0":
  version: 3.2.2
  resolution: "d3-array@npm:3.2.2"
  dependencies:
    internmap: 1 - 2
  checksum: 98af3db792685ceca5d9c3721efba0c567520da5532b2c7a590fd83627a598ea225d11c2cecbad404dc154120feb5ea6df0ded38f82ddf342c714cfd0c6143d1
  languageName: node
  linkType: hard

"d3-axis@npm:3":
  version: 3.0.0
  resolution: "d3-axis@npm:3.0.0"
  checksum: 227ddaa6d4bad083539c1ec245e2228b4620cca941997a8a650cb0af239375dc20271993127eedac66f0543f331027aca09385e1e16eed023f93eac937cddf0b
  languageName: node
  linkType: hard

"d3-brush@npm:3":
  version: 3.0.0
  resolution: "d3-brush@npm:3.0.0"
  dependencies:
    d3-dispatch: 1 - 3
    d3-drag: 2 - 3
    d3-interpolate: 1 - 3
    d3-selection: 3
    d3-transition: 3
  checksum: 1d042167769a02ac76271c71e90376d7184206e489552b7022a8ec2860209fe269db55e0a3430f3dcbe13b6fec2ff65b1adeaccba3218991b38e022390df72e3
  languageName: node
  linkType: hard

"d3-chord@npm:3":
  version: 3.0.1
  resolution: "d3-chord@npm:3.0.1"
  dependencies:
    d3-path: 1 - 3
  checksum: ddf35d41675e0f8738600a8a2f05bf0858def413438c12cba357c5802ecc1014c80a658acbbee63cbad2a8c747912efb2358455d93e59906fe37469f1dc6b78b
  languageName: node
  linkType: hard

"d3-color@npm:1 - 3, d3-color@npm:3":
  version: 3.1.0
  resolution: "d3-color@npm:3.1.0"
  checksum: 4931fbfda5d7c4b5cfa283a13c91a954f86e3b69d75ce588d06cde6c3628cebfc3af2069ccf225e982e8987c612aa7948b3932163ce15eb3c11cd7c003f3ee3b
  languageName: node
  linkType: hard

"d3-contour@npm:4":
  version: 4.0.2
  resolution: "d3-contour@npm:4.0.2"
  dependencies:
    d3-array: ^3.2.0
  checksum: 56aa082c1acf62a45b61c8d29fdd307041785aa17d9a07de7d1d848633769887a33fb6823888afa383f31c460d0f21d24756593e84e334ddb92d774214d32f1b
  languageName: node
  linkType: hard

"d3-delaunay@npm:6":
  version: 6.0.2
  resolution: "d3-delaunay@npm:6.0.2"
  dependencies:
    delaunator: 5
  checksum: 80b18686dd7a5919a570000061f1515d106b7c7e3cba9da55706c312fc8f6de58a72674f2ea4eadc6694611f2df59f82c8b9d304845dd8b7903ee1f303aa5865
  languageName: node
  linkType: hard

"d3-dispatch@npm:1 - 3, d3-dispatch@npm:3":
  version: 3.0.1
  resolution: "d3-dispatch@npm:3.0.1"
  checksum: fdfd4a230f46463e28e5b22a45dd76d03be9345b605e1b5dc7d18bd7ebf504e6c00ae123fd6d03e23d9e2711e01f0e14ea89cd0632545b9f0c00b924ba4be223
  languageName: node
  linkType: hard

"d3-drag@npm:2 - 3, d3-drag@npm:3":
  version: 3.0.0
  resolution: "d3-drag@npm:3.0.0"
  dependencies:
    d3-dispatch: 1 - 3
    d3-selection: 3
  checksum: d297231e60ecd633b0d076a63b4052b436ddeb48b5a3a11ff68c7e41a6774565473a6b064c5e9256e88eca6439a917ab9cea76032c52d944ddbf4fd289e31111
  languageName: node
  linkType: hard

"d3-dsv@npm:1 - 3, d3-dsv@npm:3":
  version: 3.0.1
  resolution: "d3-dsv@npm:3.0.1"
  dependencies:
    commander: 7
    iconv-lite: 0.6
    rw: 1
  bin:
    csv2json: bin/dsv2json.js
    csv2tsv: bin/dsv2dsv.js
    dsv2dsv: bin/dsv2dsv.js
    dsv2json: bin/dsv2json.js
    json2csv: bin/json2dsv.js
    json2dsv: bin/json2dsv.js
    json2tsv: bin/json2dsv.js
    tsv2csv: bin/dsv2dsv.js
    tsv2json: bin/dsv2json.js
  checksum: 5fc0723647269d5dccd181d74f2265920ab368a2868b0b4f55ffa2fecdfb7814390ea28622cd61ee5d9594ab262879509059544e9f815c54fe76fbfb4ffa4c8a
  languageName: node
  linkType: hard

"d3-ease@npm:1 - 3, d3-ease@npm:3":
  version: 3.0.1
  resolution: "d3-ease@npm:3.0.1"
  checksum: 06e2ee5326d1e3545eab4e2c0f84046a123dcd3b612e68858219aa034da1160333d9ce3da20a1d3486d98cb5c2a06f7d233eee1bc19ce42d1533458bd85dedcd
  languageName: node
  linkType: hard

"d3-fetch@npm:3":
  version: 3.0.1
  resolution: "d3-fetch@npm:3.0.1"
  dependencies:
    d3-dsv: 1 - 3
  checksum: 382dcea06549ef82c8d0b719e5dc1d96286352579e3b51b20f71437f5800323315b09cf7dcfd4e1f60a41e1204deb01758470cea257d2285a7abd9dcec806984
  languageName: node
  linkType: hard

"d3-force@npm:3":
  version: 3.0.0
  resolution: "d3-force@npm:3.0.0"
  dependencies:
    d3-dispatch: 1 - 3
    d3-quadtree: 1 - 3
    d3-timer: 1 - 3
  checksum: 6c7e96438cab62fa32aeadb0ade3297b62b51f81b1b38b0a60a5ec9fd627d74090c1189654d92df2250775f31b06812342f089f1d5947de9960a635ee3581def
  languageName: node
  linkType: hard

"d3-format@npm:1 - 3, d3-format@npm:3":
  version: 3.1.0
  resolution: "d3-format@npm:3.1.0"
  checksum: f345ec3b8ad3cab19bff5dead395bd9f5590628eb97a389b1dd89f0b204c7c4fc1d9520f13231c2c7cf14b7c9a8cf10f8ef15bde2befbab41454a569bd706ca2
  languageName: node
  linkType: hard

"d3-geo@npm:3":
  version: 3.1.0
  resolution: "d3-geo@npm:3.1.0"
  dependencies:
    d3-array: 2.5.0 - 3
  checksum: adf82b0c105c0c5951ae0a833d4dfc479a563791ad7938579fa14e1cffd623b469d8aa7a37dc413a327fb6ac56880f3da3f6c43d4abe3c923972dd98f34f37d1
  languageName: node
  linkType: hard

"d3-hierarchy@npm:3":
  version: 3.1.2
  resolution: "d3-hierarchy@npm:3.1.2"
  checksum: 0fd946a8c5fd4686d43d3e11bbfc2037a145fda29d2261ccd0e36f70b66af6d7638e2c0c7112124d63fc3d3127197a00a6aecf676bd5bd392a94d7235a214263
  languageName: node
  linkType: hard

"d3-interpolate@npm:1 - 3, d3-interpolate@npm:1.2.0 - 3, d3-interpolate@npm:3, d3-interpolate@npm:^3.0.1":
  version: 3.0.1
  resolution: "d3-interpolate@npm:3.0.1"
  dependencies:
    d3-color: 1 - 3
  checksum: a42ba314e295e95e5365eff0f604834e67e4a3b3c7102458781c477bd67e9b24b6bb9d8e41ff5521050a3f2c7c0c4bbbb6e187fd586daa3980943095b267e78b
  languageName: node
  linkType: hard

"d3-path@npm:1 - 3, d3-path@npm:3, d3-path@npm:^3.1.0":
  version: 3.1.0
  resolution: "d3-path@npm:3.1.0"
  checksum: 2306f1bd9191e1eac895ec13e3064f732a85f243d6e627d242a313f9777756838a2215ea11562f0c7630c7c3b16a19ec1fe0948b1c82f3317fac55882f6ee5d8
  languageName: node
  linkType: hard

"d3-path@npm:1, d3-path@npm:^1.0.5":
  version: 1.0.9
  resolution: "d3-path@npm:1.0.9"
  checksum: d4382573baf9509a143f40944baeff9fead136926aed6872f7ead5b3555d68925f8a37935841dd51f1d70b65a294fe35c065b0906fb6e42109295f6598fc16d0
  languageName: node
  linkType: hard

"d3-polygon@npm:3":
  version: 3.0.1
  resolution: "d3-polygon@npm:3.0.1"
  checksum: 0b85c532517895544683849768a2c377cee3801ef8ccf3fa9693c8871dd21a0c1a2a0fc75ff54192f0ba2c562b0da2bc27f5bf959dfafc7fa23573b574865d2c
  languageName: node
  linkType: hard

"d3-quadtree@npm:1 - 3, d3-quadtree@npm:3":
  version: 3.0.1
  resolution: "d3-quadtree@npm:3.0.1"
  checksum: 5469d462763811475f34a7294d984f3eb100515b0585ca5b249656f6b1a6e99b20056a2d2e463cc9944b888896d2b1d07859c50f9c0cf23438df9cd2e3146066
  languageName: node
  linkType: hard

"d3-random@npm:3":
  version: 3.0.1
  resolution: "d3-random@npm:3.0.1"
  checksum: a70ad8d1cabe399ebeb2e482703121ac8946a3b336830b518da6848b9fdd48a111990fc041dc716f16885a72176ffa2898f2a250ca3d363ecdba5ef92b18e131
  languageName: node
  linkType: hard

"d3-scale-chromatic@npm:3":
  version: 3.0.0
  resolution: "d3-scale-chromatic@npm:3.0.0"
  dependencies:
    d3-color: 1 - 3
    d3-interpolate: 1 - 3
  checksum: a8ce4cb0267a17b28ebbb929f5e3071d985908a9c13b6fcaa2a198e1e018f275804d691c5794b970df0049725b7944f32297b31603d235af6414004f0c7f82c0
  languageName: node
  linkType: hard

"d3-scale@npm:4, d3-scale@npm:^4.0.2":
  version: 4.0.2
  resolution: "d3-scale@npm:4.0.2"
  dependencies:
    d3-array: 2.10.0 - 3
    d3-format: 1 - 3
    d3-interpolate: 1.2.0 - 3
    d3-time: 2.1.1 - 3
    d3-time-format: 2 - 4
  checksum: a9c770d283162c3bd11477c3d9d485d07f8db2071665f1a4ad23eec3e515e2cefbd369059ec677c9ac849877d1a765494e90e92051d4f21111aa56791c98729e
  languageName: node
  linkType: hard

"d3-selection@npm:2 - 3, d3-selection@npm:3":
  version: 3.0.0
  resolution: "d3-selection@npm:3.0.0"
  checksum: f4e60e133309115b99f5b36a79ae0a19d71ee6e2d5e3c7216ef3e75ebd2cb1e778c2ed2fa4c01bef35e0dcbd96c5428f5bd6ca2184fe2957ed582fde6841cbc5
  languageName: node
  linkType: hard

"d3-shape@npm:3":
  version: 3.2.0
  resolution: "d3-shape@npm:3.2.0"
  dependencies:
    d3-path: ^3.1.0
  checksum: de2af5fc9a93036a7b68581ca0bfc4aca2d5a328aa7ba7064c11aedd44d24f310c20c40157cb654359d4c15c3ef369f95ee53d71221017276e34172c7b719cfa
  languageName: node
  linkType: hard

"d3-shape@npm:^1.0.6, d3-shape@npm:^1.2.0":
  version: 1.3.7
  resolution: "d3-shape@npm:1.3.7"
  dependencies:
    d3-path: 1
  checksum: 46566a3ab64a25023653bf59d64e81e9e6c987e95be985d81c5cedabae5838bd55f4a201a6b69069ca862eb63594cd263cac9034afc2b0e5664dfe286c866129
  languageName: node
  linkType: hard

"d3-time-format@npm:2 - 4, d3-time-format@npm:4":
  version: 4.1.0
  resolution: "d3-time-format@npm:4.1.0"
  dependencies:
    d3-time: 1 - 3
  checksum: 7342bce28355378152bbd4db4e275405439cabba082d9cd01946d40581140481c8328456d91740b0fe513c51ec4a467f4471ffa390c7e0e30ea30e9ec98fcdf4
  languageName: node
  linkType: hard

"d3-time@npm:1 - 3, d3-time@npm:2.1.1 - 3, d3-time@npm:3":
  version: 3.1.0
  resolution: "d3-time@npm:3.1.0"
  dependencies:
    d3-array: 2 - 3
  checksum: 613b435352a78d9f31b7f68540788186d8c331b63feca60ad21c88e9db1989fe888f97f242322ebd6365e45ec3fb206a4324cd4ca0dfffa1d9b5feb856ba00a7
  languageName: node
  linkType: hard

"d3-time@npm:^2.1.1":
  version: 2.1.1
  resolution: "d3-time@npm:2.1.1"
  dependencies:
    d3-array: 2
  checksum: d1c7b9658c20646e46c3dd19e11c38e02dec098e8baa7d2cd868af8eb01953668f5da499fa33dc63541cf74a26e788786f8828c4381dbbf475a76b95972979a6
  languageName: node
  linkType: hard

"d3-timer@npm:1 - 3, d3-timer@npm:3":
  version: 3.0.1
  resolution: "d3-timer@npm:3.0.1"
  checksum: 1cfddf86d7bca22f73f2c427f52dfa35c49f50d64e187eb788dcad6e927625c636aa18ae4edd44d084eb9d1f81d8ca4ec305dae7f733c15846a824575b789d73
  languageName: node
  linkType: hard

"d3-transition@npm:2 - 3, d3-transition@npm:3":
  version: 3.0.1
  resolution: "d3-transition@npm:3.0.1"
  dependencies:
    d3-color: 1 - 3
    d3-dispatch: 1 - 3
    d3-ease: 1 - 3
    d3-interpolate: 1 - 3
    d3-timer: 1 - 3
  peerDependencies:
    d3-selection: 2 - 3
  checksum: cb1e6e018c3abf0502fe9ff7b631ad058efb197b5e14b973a410d3935aead6e3c07c67d726cfab258e4936ef2667c2c3d1cd2037feb0765f0b4e1d3b8788c0ea
  languageName: node
  linkType: hard

"d3-zoom@npm:3":
  version: 3.0.0
  resolution: "d3-zoom@npm:3.0.0"
  dependencies:
    d3-dispatch: 1 - 3
    d3-drag: 2 - 3
    d3-interpolate: 1 - 3
    d3-selection: 2 - 3
    d3-transition: 2 - 3
  checksum: 8056e3527281cfd1ccbcbc458408f86973b0583e9dac00e51204026d1d36803ca437f970b5736f02fafed9f2b78f145f72a5dbc66397e02d4d95d4c594b8ff54
  languageName: node
  linkType: hard

"d3@npm:^7.8.2":
  version: 7.8.2
  resolution: "d3@npm:7.8.2"
  dependencies:
    d3-array: 3
    d3-axis: 3
    d3-brush: 3
    d3-chord: 3
    d3-color: 3
    d3-contour: 4
    d3-delaunay: 6
    d3-dispatch: 3
    d3-drag: 3
    d3-dsv: 3
    d3-ease: 3
    d3-fetch: 3
    d3-force: 3
    d3-format: 3
    d3-geo: 3
    d3-hierarchy: 3
    d3-interpolate: 3
    d3-path: 3
    d3-polygon: 3
    d3-quadtree: 3
    d3-random: 3
    d3-scale: 4
    d3-scale-chromatic: 3
    d3-selection: 3
    d3-shape: 3
    d3-time: 3
    d3-time-format: 4
    d3-timer: 3
    d3-transition: 3
    d3-zoom: 3
  checksum: e7bf5918f2a97d0c0cc489d64348b323446aa824c32b65f0888846c26f80ed05dbee18a4b7c9a487b3e60d9d404e4672d169573fe63439e3e53abd5812bcd766
  languageName: node
  linkType: hard

"dayjs@npm:^1.11.7":
  version: 1.11.7
  resolution: "dayjs@npm:1.11.7"
  checksum: 5003a7c1dd9ed51385beb658231c3548700b82d3548c0cfbe549d85f2d08e90e972510282b7506941452c58d32136d6362f009c77ca55381a09c704e9f177ebb
  languageName: node
  linkType: hard

"debounce@npm:^1.2.1":
  version: 1.2.1
  resolution: "debounce@npm:1.2.1"
  checksum: 682a89506d9e54fb109526f4da255c5546102fbb8e3ae75eef3b04effaf5d4853756aee97475cd4650641869794e44f410eeb20ace2b18ea592287ab2038519e
  languageName: node
  linkType: hard

"delaunator@npm:5":
  version: 5.0.0
  resolution: "delaunator@npm:5.0.0"
  dependencies:
    robust-predicates: ^3.0.0
  checksum: d6764188442b7f7c6bcacebd96edc00e35f542a96f1af3ef600e586bfb9849a3682c489c0ab423440c90bc4c7cac77f28761babff76fa29e193e1cf50a95b860
  languageName: node
  linkType: hard

"iconv-lite@npm:0.6":
  version: 0.6.3
  resolution: "iconv-lite@npm:0.6.3"
  dependencies:
    safer-buffer: ">= 2.1.2 < 3.0.0"
  checksum: 3f60d47a5c8fc3313317edfd29a00a692cc87a19cac0159e2ce711d0ebc9019064108323b5e493625e25594f11c6236647d8e256fbe7a58f4a3b33b89e6d30bf
  languageName: node
  linkType: hard

"internmap@npm:1 - 2":
  version: 2.0.3
  resolution: "internmap@npm:2.0.3"
  checksum: 7ca41ec6aba8f0072fc32fa8a023450a9f44503e2d8e403583c55714b25efd6390c38a87161ec456bf42d7bc83aab62eb28f5aef34876b1ac4e60693d5e1d241
  languageName: node
  linkType: hard

"internmap@npm:^1.0.0":
  version: 1.0.1
  resolution: "internmap@npm:1.0.1"
  checksum: 9d00f8c0cf873a24a53a5a937120dab634c41f383105e066bb318a61864e6292d24eb9516e8e7dccfb4420ec42ca474a0f28ac9a6cc82536898fa09bbbe53813
  languageName: node
  linkType: hard

"js-tokens@npm:^3.0.0 || ^4.0.0":
  version: 4.0.0
  resolution: "js-tokens@npm:4.0.0"
  checksum: 8a95213a5a77deb6cbe94d86340e8d9ace2b93bc367790b260101d2f36a2eaf4e4e22d9fa9cf459b38af3a32fb4190e638024cf82ec95ef708680e405ea7cc78
  languageName: node
  linkType: hard

"lodash@npm:^4.17.21":
  version: 4.17.21
  resolution: "lodash@npm:4.17.21"
  checksum: eb835a2e51d381e561e508ce932ea50a8e5a68f4ebdd771ea240d3048244a8d13658acbd502cd4829768c56f2e16bdd4340b9ea141297d472517b83868e677f7
  languageName: node
  linkType: hard

"loose-envify@npm:^1.1.0, loose-envify@npm:^1.4.0":
  version: 1.4.0
  resolution: "loose-envify@npm:1.4.0"
  dependencies:
    js-tokens: ^3.0.0 || ^4.0.0
  bin:
    loose-envify: cli.js
  checksum: 6517e24e0cad87ec9888f500c5b5947032cdfe6ef65e1c1936a0c48a524b81e65542c9c3edc91c97d5bddc806ee2a985dbc79be89215d613b1de5db6d1cfe6f4
  languageName: node
  linkType: hard

"math-expression-evaluator@npm:^1.2.14":
  version: 1.4.0
  resolution: "math-expression-evaluator@npm:1.4.0"
  checksum: 451c7b734ccb02759980e03f10c63fb3888b6af0253582ae38e8ca7ef037e15b9b2b82ef3476e79ed257694e8eacc9156b44379d3153de8e6c071a4664f70f93
  languageName: node
  linkType: hard

"object-assign@npm:^4.1.1":
  version: 4.1.1
  resolution: "object-assign@npm:4.1.1"
  checksum: fcc6e4ea8c7fe48abfbb552578b1c53e0d194086e2e6bbbf59e0a536381a292f39943c6e9628af05b5528aa5e3318bb30d6b2e53cadaf5b8fe9e12c4b69af23f
  languageName: node
  linkType: hard

"prop-types@npm:^15.5.10, prop-types@npm:^15.5.7, prop-types@npm:^15.6.0, prop-types@npm:^15.6.2, prop-types@npm:^15.7.2":
  version: 15.8.1
  resolution: "prop-types@npm:15.8.1"
  dependencies:
    loose-envify: ^1.4.0
    object-assign: ^4.1.1
    react-is: ^16.13.1
  checksum: c056d3f1c057cb7ff8344c645450e14f088a915d078dcda795041765047fa080d38e5d626560ccaac94a4e16e3aa15f3557c1a9a8d1174530955e992c675e459
  languageName: node
  linkType: hard

"react-dom@npm:^18.2.0":
  version: 18.2.0
  resolution: "react-dom@npm:18.2.0"
  dependencies:
    loose-envify: ^1.1.0
    scheduler: ^0.23.0
  peerDependencies:
    react: ^18.2.0
  checksum: 7d323310bea3a91be2965f9468d552f201b1c27891e45ddc2d6b8f717680c95a75ae0bc1e3f5cf41472446a2589a75aed4483aee8169287909fcd59ad149e8cc
  languageName: node
  linkType: hard

"react-is@npm:^16.13.1":
  version: 16.13.1
  resolution: "react-is@npm:16.13.1"
  checksum: f7a19ac3496de32ca9ae12aa030f00f14a3d45374f1ceca0af707c831b2a6098ef0d6bdae51bd437b0a306d7f01d4677fcc8de7c0d331eb47ad0f46130e53c5f
  languageName: node
  linkType: hard

"react-use-measure@npm:^2.0.4, react-use-measure@npm:^2.1.1":
  version: 2.1.1
  resolution: "react-use-measure@npm:2.1.1"
  dependencies:
    debounce: ^1.2.1
  peerDependencies:
    react: ">=16.13"
    react-dom: ">=16.13"
  checksum: b8e8939229d463c3c505f7b617925c0228efae0cd6f651371f463846417b06c9170be57df51293a61027c41770f8a090fdb8a08717c4e36290ccb496e0318f1f
  languageName: node
  linkType: hard

"react@npm:^18.2.0":
  version: 18.2.0
  resolution: "react@npm:18.2.0"
  dependencies:
    loose-envify: ^1.1.0
  checksum: 88e38092da8839b830cda6feef2e8505dec8ace60579e46aa5490fc3dc9bba0bd50336507dc166f43e3afc1c42939c09fe33b25fae889d6f402721dcd78fca1b
  languageName: node
  linkType: hard

"reduce-css-calc@npm:^1.3.0":
  version: 1.3.0
  resolution: "reduce-css-calc@npm:1.3.0"
  dependencies:
    balanced-match: ^0.4.2
    math-expression-evaluator: ^1.2.14
    reduce-function-call: ^1.0.1
  checksum: 72696db02ede8772fe5ba9c47c6d451557bea0d11525f4e54b6adfcc4e540558755bb0ad454824cb6b998f0bd940eb2ef594f35b3d509dfa37934d93ece0f707
  languageName: node
  linkType: hard

"reduce-function-call@npm:^1.0.1":
  version: 1.0.3
  resolution: "reduce-function-call@npm:1.0.3"
  dependencies:
    balanced-match: ^1.0.0
  checksum: d0169016ea22b59d55fa3206507c8f2d009574abd0f9b86552035a8405d52f6d7d5b60d084c5950d6f2884df7de42f87a6260b1b386b79ede63bfc87ea0c3ce8
  languageName: node
  linkType: hard

"robust-predicates@npm:^3.0.0":
  version: 3.0.1
  resolution: "robust-predicates@npm:3.0.1"
  checksum: 45e9de2df4380da84a2a561d4fd54ea92194e878b93ed19d5e4bc90f4e834a13755e846c8516bab8360190309696f0564a0150386c52ef01f70f2b388449dac5
  languageName: node
  linkType: hard

"rw@npm:1":
  version: 1.3.3
  resolution: "rw@npm:1.3.3"
  checksum: c20d82421f5a71c86a13f76121b751553a99cd4a70ea27db86f9b23f33db941f3f06019c30f60d50c356d0bd674c8e74764ac146ea55e217c091bde6fba82aa3
  languageName: node
  linkType: hard

"safer-buffer@npm:>= 2.1.2 < 3.0.0":
  version: 2.1.2
  resolution: "safer-buffer@npm:2.1.2"
  checksum: cab8f25ae6f1434abee8d80023d7e72b598cf1327164ddab31003c51215526801e40b66c5e65d658a0af1e9d6478cadcb4c745f4bd6751f97d8644786c0978b0
  languageName: node
  linkType: hard

"scheduler@npm:^0.23.0":
  version: 0.23.0
  resolution: "scheduler@npm:0.23.0"
  dependencies:
    loose-envify: ^1.1.0
  checksum: d79192eeaa12abef860c195ea45d37cbf2bbf5f66e3c4dcd16f54a7da53b17788a70d109ee3d3dde1a0fd50e6a8fc171f4300356c5aee4fc0171de526bf35f8a
  languageName: node
  linkType: hard

"sowoon-chart@workspace:.":
  version: 0.0.0-use.local
  resolution: "sowoon-chart@workspace:."
  dependencies:
    "@types/d3": ^7.4.0
    "@types/react": ^18
    "@types/react-dom": ^18
    "@visx/axis": ^3.0.1
    "@visx/event": ^3.0.1
    "@visx/gradient": ^3.0.0
    "@visx/grid": ^3.0.1
    "@visx/scale": ^3.0.0
    "@visx/tooltip": ^3.0.0
    d3: ^7.8.2
    dayjs: ^1.11.7
    react: ^18.2.0
    react-dom: ^18.2.0
    react-use-measure: ^2.1.1
    typescript: ^4.9.5
  languageName: unknown
  linkType: soft

"typescript@npm:^4.9.5":
  version: 4.9.5
  resolution: "typescript@npm:4.9.5"
  bin:
    tsc: bin/tsc
    tsserver: bin/tsserver
  checksum: ee000bc26848147ad423b581bd250075662a354d84f0e06eb76d3b892328d8d4440b7487b5a83e851b12b255f55d71835b008a66cbf8f255a11e4400159237db
  languageName: node
  linkType: hard

"typescript@patch:typescript@^4.9.5#~builtin<compat/typescript>":
  version: 4.9.5
  resolution: "typescript@patch:typescript@npm%3A4.9.5#~builtin<compat/typescript>::version=4.9.5&hash=f456af"
  bin:
    tsc: bin/tsc
    tsserver: bin/tsserver
  checksum: 2eee5c37cad4390385db5db5a8e81470e42e8f1401b0358d7390095d6f681b410f2c4a0c496c6ff9ebd775423c7785cdace7bcdad76c7bee283df3d9718c0f20
  languageName: node
  linkType: hard
